
Microsoft Visual Studio Solution File, Format Version 12.00
# Visual Studio 14
VisualStudioVersion = 14.0.24720.0
MinimumVisualStudioVersion = 10.0.40219.1
Project("{FAE04EC0-301F-11D3-BF4B-00C04F79EFBC}") = "AppSettingsModifier", "AppSettingsModifier\AppSettingsModifier.csproj", "{ED9970EE-5BE3-4CCA-A492-DEA06F6240B3}"
EndProject
Global
	GlobalSection(SolutionConfigurationPlatforms) = preSolution
		Debug|Any CPU = Debug|Any CPU
		Release|Any CPU = Release|Any CPU
	EndGlobalSection
	GlobalSection(ProjectConfigurationPlatforms) = postSolution
		{ED9970EE-5BE3-4CCA-A492-DEA06F6240B3}.Debug|Any CPU.ActiveCfg = Debug|Any CPU
		{ED9970EE-5BE3-4CCA-A492-DEA06F6240B3}.Debug|Any CPU.Build.0 = Debug|Any CPU
		{ED9970EE-5BE3-4CCA-A492-DEA06F6240B3}.Release|Any CPU.ActiveCfg = Release|Any CPU
		{ED9970EE-5BE3-4CCA-A492-DEA06F6240B3}.Release|Any CPU.Build.0 = Release|Any CPU
	EndGlobalSection
	GlobalSection(SolutionProperties) = preSolution
		HideSolutionNode = FALSE
	EndGlobalSection
EndGlobal
